
Microsoft Visual Studio Solution File, Format Version 12.00
# Visual Studio 15
VisualStudioVersion = 15.0.27130.2024
MinimumVisualStudioVersion = 10.0.40219.1
Project("{FAE04EC0-301F-11D3-BF4B-00C04F79EFBC}") = "invAppMobail.Android", "invAppMobail\invAppMobail.Android\invAppMobail.Android.csproj", "{ADBE8B99-7198-4DF4-8734-A6A7CC9C8A16}"
EndProject
Project("{FAE04EC0-301F-11D3-BF4B-00C04F79EFBC}") = "invAppMobail.iOS", "invAppMobail\invAppMobail.iOS\invAppMobail.iOS.csproj", "{3D2B64A4-566D-4D7C-AC29-5DA854016D02}"
EndProject
Project("{FAE04EC0-301F-11D3-BF4B-00C04F79EFBC}") = "invAppMobail.UWP", "invAppMobail\invAppMobail.UWP\invAppMobail.UWP.csproj", "{9316D387-2554-48F2-AE68-8B483D6FC1BA}"
EndProject
Project("{FAE04EC0-301F-11D3-BF4B-00C04F79EFBC}") = "invAppMobail", "invAppMobail\invAppMobail\invAppMobail.csproj", "{FE5A70D0-F972-478A-9262-F4A1D6FB6285}"
EndProject
Global
	GlobalSection(SolutionConfigurationPlatforms) = preSolution
		Ad-Hoc|Any CPU = Ad-Hoc|Any CPU
		Ad-Hoc|ARM = Ad-Hoc|ARM
		Ad-Hoc|iPhone = Ad-Hoc|iPhone
		Ad-Hoc|iPhoneSimulator = Ad-Hoc|iPhoneSimulator
		Ad-Hoc|x64 = Ad-Hoc|x64
		Ad-Hoc|x86 = Ad-Hoc|x86
		AppStore|Any CPU = AppStore|Any CPU
		AppStore|ARM = AppStore|ARM
		AppStore|iPhone = AppStore|iPhone
		AppStore|iPhoneSimulator = AppStore|iPhoneSimulator
		AppStore|x64 = AppStore|x64
		AppStore|x86 = AppStore|x86
		Debug|Any CPU = Debug|Any CPU
		Debug|ARM = Debug|ARM
		Debug|iPhone = Debug|iPhone
		Debug|iPhoneSimulator = Debug|iPhoneSimulator
		Debug|x64 = Debug|x64
		Debug|x86 = Debug|x86
		Release|Any CPU = Release|Any CPU
		Release|ARM = Release|ARM
		Release|iPhone = Release|iPhone
		Release|iPhoneSimulator = Release|iPhoneSimulator
		Release|x64 = Release|x64
		Release|x86 = Release|x86
	EndGlobalSection
	GlobalSection(ProjectConfigurationPlatforms) = postSolution
		{ADBE8B99-7198-4DF4-8734-A6A7CC9C8A16}.Ad-Hoc|Any CPU.ActiveCfg = Release|Any CPU
		{ADBE8B99-7198-4DF4-8734-A6A7CC9C8A16}.Ad-Hoc|Any CPU.Build.0 = Release|Any CPU
		{ADBE8B99-7198-4DF4-8734-A6A7CC9C8A16}.Ad-Hoc|Any CPU.Deploy.0 = Release|Any CPU
		{ADBE8B99-7198-4DF4-8734-A6A7CC9C8A16}.Ad-Hoc|ARM.ActiveCfg = Release|Any CPU
		{ADBE8B99-7198-4DF4-8734-A6A7CC9C8A16}.Ad-Hoc|ARM.Build.0 = Release|Any CPU
		{ADBE8B99-7198-4DF4-8734-A6A7CC9C8A16}.Ad-Hoc|ARM.Deploy.0 = Release|Any CPU
		{ADBE8B99-7198-4DF4-8734-A6A7CC9C8A16}.Ad-Hoc|iPhone.ActiveCfg = Release|Any CPU
		{ADBE8B99-7198-4DF4-8734-A6A7CC9C8A16}.Ad-Hoc|iPhone.Build.0 = Release|Any CPU
		{ADBE8B99-7198-4DF4-8734-A6A7CC9C8A16}.Ad-Hoc|iPhone.Deploy.0 = Release|Any CPU
		{ADBE8B99-7198-4DF4-8734-A6A7CC9C8A16}.Ad-Hoc|iPhoneSimulator.ActiveCfg = Release|Any CPU
		{ADBE8B99-7198-4DF4-8734-A6A7CC9C8A16}.Ad-Hoc|iPhoneSimulator.Build.0 = Release|Any CPU
		{ADBE8B99-7198-4DF4-8734-A6A7CC9C8A16}.Ad-Hoc|iPhoneSimulator.Deploy.0 = Release|Any CPU
		{ADBE8B99-7198-4DF4-8734-A6A7CC9C8A16}.Ad-Hoc|x64.ActiveCfg = Release|Any CPU
		{ADBE8B99-7198-4DF4-8734-A6A7CC9C8A16}.Ad-Hoc|x64.Build.0 = Release|Any CPU
		{ADBE8B99-7198-4DF4-8734-A6A7CC9C8A16}.Ad-Hoc|x64.Deploy.0 = Release|Any CPU
		{ADBE8B99-7198-4DF4-8734-A6A7CC9C8A16}.Ad-Hoc|x86.ActiveCfg = Release|Any CPU
		{ADBE8B99-7198-4DF4-8734-A6A7CC9C8A16}.Ad-Hoc|x86.Build.0 = Release|Any CPU
		{ADBE8B99-7198-4DF4-8734-A6A7CC9C8A16}.Ad-Hoc|x86.Deploy.0 = Release|Any CPU
		{ADBE8B99-7198-4DF4-8734-A6A7CC9C8A16}.AppStore|Any CPU.ActiveCfg = Release|Any CPU
		{ADBE8B99-7198-4DF4-8734-A6A7CC9C8A16}.AppStore|Any CPU.Build.0 = Release|Any CPU
		{ADBE8B99-7198-4DF4-8734-A6A7CC9C8A16}.AppStore|Any CPU.Deploy.0 = Release|Any CPU
		{ADBE8B99-7198-4DF4-8734-A6A7CC9C8A16}.AppStore|ARM.ActiveCfg = Release|Any CPU
		{ADBE8B99-7198-4DF4-8734-A6A7CC9C8A16}.AppStore|ARM.Build.0 = Release|Any CPU
		{ADBE8B99-7198-4DF4-8734-A6A7CC9C8A16}.AppStore|ARM.Deploy.0 = Release|Any CPU
		{ADBE8B99-7198-4DF4-8734-A6A7CC9C8A16}.AppStore|iPhone.ActiveCfg = Release|Any CPU
		{ADBE8B99-7198-4DF4-8734-A6A7CC9C8A16}.AppStore|iPhone.Build.0 = Release|Any CPU
		{ADBE8B99-7198-4DF4-8734-A6A7CC9C8A16}.AppStore|iPhone.Deploy.0 = Release|Any CPU
		{ADBE8B99-7198-4DF4-8734-A6A7CC9C8A16}.AppStore|iPhoneSimulator.ActiveCfg = Release|Any CPU
		{ADBE8B99-7198-4DF4-8734-A6A7CC9C8A16}.AppStore|iPhoneSimulator.Build.0 = Release|Any CPU
		{ADBE8B99-7198-4DF4-8734-A6A7CC9C8A16}.AppStore|iPhoneSimulator.Deploy.0 = Release|Any CPU
		{ADBE8B99-7198-4DF4-8734-A6A7CC9C8A16}.AppStore|x64.ActiveCfg = Release|Any CPU
		{ADBE8B99-7198-4DF4-8734-A6A7CC9C8A16}.AppStore|x64.Build.0 = Release|Any CPU
		{ADBE8B99-7198-4DF4-8734-A6A7CC9C8A16}.AppStore|x64.Deploy.0 = Release|Any CPU
		{ADBE8B99-7198-4DF4-8734-A6A7CC9C8A16}.AppStore|x86.ActiveCfg = Release|Any CPU
		{ADBE8B99-7198-4DF4-8734-A6A7CC9C8A16}.AppStore|x86.Build.0 = Release|Any CPU
		{ADBE8B99-7198-4DF4-8734-A6A7CC9C8A16}.AppStore|x86.Deploy.0 = Release|Any CPU
		{ADBE8B99-7198-4DF4-8734-A6A7CC9C8A16}.Debug|Any CPU.ActiveCfg = Debug|Any CPU
		{ADBE8B99-7198-4DF4-8734-A6A7CC9C8A16}.Debug|Any CPU.Build.0 = Debug|Any CPU
		{ADBE8B99-7198-4DF4-8734-A6A7CC9C8A16}.Debug|Any CPU.Deploy.0 = Debug|Any CPU
		{ADBE8B99-7198-4DF4-8734-A6A7CC9C8A16}.Debug|ARM.ActiveCfg = Debug|Any CPU
		{ADBE8B99-7198-4DF4-8734-A6A7CC9C8A16}.Debug|ARM.Build.0 = Debug|Any CPU
		{ADBE8B99-7198-4DF4-8734-A6A7CC9C8A16}.Debug|ARM.Deploy.0 = Debug|Any CPU
		{ADBE8B99-7198-4DF4-8734-A6A7CC9C8A16}.Debug|iPhone.ActiveCfg = Debug|Any CPU
		{ADBE8B99-7198-4DF4-8734-A6A7CC9C8A16}.Debug|iPhone.Build.0 = Debug|Any CPU
		{ADBE8B99-7198-4DF4-8734-A6A7CC9C8A16}.Debug|iPhone.Deploy.0 = Debug|Any CPU
		{ADBE8B99-7198-4DF4-8734-A6A7CC9C8A16}.Debug|iPhoneSimulator.ActiveCfg = Debug|Any CPU
		{ADBE8B99-7198-4DF4-8734-A6A7CC9C8A16}.Debug|iPhoneSimulator.Build.0 = Debug|Any CPU
		{ADBE8B99-7198-4DF4-8734-A6A7CC9C8A16}.Debug|iPhoneSimulator.Deploy.0 = Debug|Any CPU
		{ADBE8B99-7198-4DF4-8734-A6A7CC9C8A16}.Debug|x64.ActiveCfg = Debug|Any CPU
		{ADBE8B99-7198-4DF4-8734-A6A7CC9C8A16}.Debug|x64.Build.0 = Debug|Any CPU
		{ADBE8B99-7198-4DF4-8734-A6A7CC9C8A16}.Debug|x64.Deploy.0 = Debug|Any CPU
		{ADBE8B99-7198-4DF4-8734-A6A7CC9C8A16}.Debug|x86.ActiveCfg = Debug|Any CPU
		{ADBE8B99-7198-4DF4-8734-A6A7CC9C8A16}.Debug|x86.Build.0 = Debug|Any CPU
		{ADBE8B99-7198-4DF4-8734-A6A7CC9C8A16}.Debug|x86.Deploy.0 = Debug|Any CPU
		{ADBE8B99-7198-4DF4-8734-A6A7CC9C8A16}.Release|Any CPU.ActiveCfg = Release|Any CPU
		{ADBE8B99-7198-4DF4-8734-A6A7CC9C8A16}.Release|Any CPU.Build.0 = Release|Any CPU
		{ADBE8B99-7198-4DF4-8734-A6A7CC9C8A16}.Release|Any CPU.Deploy.0 = Release|Any CPU
		{ADBE8B99-7198-4DF4-8734-A6A7CC9C8A16}.Release|ARM.ActiveCfg = Release|Any CPU
		{ADBE8B99-7198-4DF4-8734-A6A7CC9C8A16}.Release|ARM.Build.0 = Release|Any CPU
		{ADBE8B99-7198-4DF4-8734-A6A7CC9C8A16}.Release|ARM.Deploy.0 = Release|Any CPU
		{ADBE8B99-7198-4DF4-8734-A6A7CC9C8A16}.Release|iPhone.ActiveCfg = Release|Any CPU
		{ADBE8B99-7198-4DF4-8734-A6A7CC9C8A16}.Release|iPhone.Build.0 = Release|Any CPU
		{ADBE8B99-7198-4DF4-8734-A6A7CC9C8A16}.Release|iPhone.Deploy.0 = Release|Any CPU
		{ADBE8B99-7198-4DF4-8734-A6A7CC9C8A16}.Release|iPhoneSimulator.ActiveCfg = Release|Any CPU
		{ADBE8B99-7198-4DF4-8734-A6A7CC9C8A16}.Release|iPhoneSimulator.Build.0 = Release|Any CPU
		{ADBE8B99-7198-4DF4-8734-A6A7CC9C8A16}.Release|iPhoneSimulator.Deploy.0 = Release|Any CPU
		{ADBE8B99-7198-4DF4-8734-A6A7CC9C8A16}.Release|x64.ActiveCfg = Release|Any CPU
		{ADBE8B99-7198-4DF4-8734-A6A7CC9C8A16}.Release|x64.Build.0 = Release|Any CPU
		{ADBE8B99-7198-4DF4-8734-A6A7CC9C8A16}.Release|x64.Deploy.0 = Release|Any CPU
		{ADBE8B99-7198-4DF4-8734-A6A7CC9C8A16}.Release|x86.ActiveCfg = Release|Any CPU
		{ADBE8B99-7198-4DF4-8734-A6A7CC9C8A16}.Release|x86.Build.0 = Release|Any CPU
		{ADBE8B99-7198-4DF4-8734-A6A7CC9C8A16}.Release|x86.Deploy.0 = Release|Any CPU
		{3D2B64A4-566D-4D7C-AC29-5DA854016D02}.Ad-Hoc|Any CPU.ActiveCfg = Ad-Hoc|iPhone
		{3D2B64A4-566D-4D7C-AC29-5DA854016D02}.Ad-Hoc|ARM.ActiveCfg = Ad-Hoc|iPhone
		{3D2B64A4-566D-4D7C-AC29-5DA854016D02}.Ad-Hoc|iPhone.ActiveCfg = Ad-Hoc|iPhone
		{3D2B64A4-566D-4D7C-AC29-5DA854016D02}.Ad-Hoc|iPhone.Build.0 = Ad-Hoc|iPhone
		{3D2B64A4-566D-4D7C-AC29-5DA854016D02}.Ad-Hoc|iPhoneSimulator.ActiveCfg = Ad-Hoc|iPhoneSimulator
		{3D2B64A4-566D-4D7C-AC29-5DA854016D02}.Ad-Hoc|iPhoneSimulator.Build.0 = Ad-Hoc|iPhoneSimulator
		{3D2B64A4-566D-4D7C-AC29-5DA854016D02}.Ad-Hoc|x64.ActiveCfg = Ad-Hoc|iPhone
		{3D2B64A4-566D-4D7C-AC29-5DA854016D02}.Ad-Hoc|x86.ActiveCfg = Ad-Hoc|iPhone
		{3D2B64A4-566D-4D7C-AC29-5DA854016D02}.AppStore|Any CPU.ActiveCfg = AppStore|iPhone
		{3D2B64A4-566D-4D7C-AC29-5DA854016D02}.AppStore|ARM.ActiveCfg = AppStore|iPhone
		{3D2B64A4-566D-4D7C-AC29-5DA854016D02}.AppStore|iPhone.ActiveCfg = AppStore|iPhone
		{3D2B64A4-566D-4D7C-AC29-5DA854016D02}.AppStore|iPhone.Build.0 = AppStore|iPhone
		{3D2B64A4-566D-4D7C-AC29-5DA854016D02}.AppStore|iPhoneSimulator.ActiveCfg = AppStore|iPhoneSimulator
		{3D2B64A4-566D-4D7C-AC29-5DA854016D02}.AppStore|iPhoneSimulator.Build.0 = AppStore|iPhoneSimulator
		{3D2B64A4-566D-4D7C-AC29-5DA854016D02}.AppStore|x64.ActiveCfg = AppStore|iPhone
		{3D2B64A4-566D-4D7C-AC29-5DA854016D02}.AppStore|x86.ActiveCfg = AppStore|iPhone
		{3D2B64A4-566D-4D7C-AC29-5DA854016D02}.Debug|Any CPU.ActiveCfg = Debug|iPhone
		{3D2B64A4-566D-4D7C-AC29-5DA854016D02}.Debug|ARM.ActiveCfg = Debug|iPhone
		{3D2B64A4-566D-4D7C-AC29-5DA854016D02}.Debug|iPhone.ActiveCfg = Debug|iPhone
		{3D2B64A4-566D-4D7C-AC29-5DA854016D02}.Debug|iPhone.Build.0 = Debug|iPhone
		{3D2B64A4-566D-4D7C-AC29-5DA854016D02}.Debug|iPhoneSimulator.ActiveCfg = Debug|iPhoneSimulator
		{3D2B64A4-566D-4D7C-AC29-5DA854016D02}.Debug|iPhoneSimulator.Build.0 = Debug|iPhoneSimulator
		{3D2B64A4-566D-4D7C-AC29-5DA854016D02}.Debug|x64.ActiveCfg = Debug|iPhone
		{3D2B64A4-566D-4D7C-AC29-5DA854016D02}.Debug|x86.ActiveCfg = Debug|iPhone
		{3D2B64A4-566D-4D7C-AC29-5DA854016D02}.Release|Any CPU.ActiveCfg = Release|iPhone
		{3D2B64A4-566D-4D7C-AC29-5DA854016D02}.Release|ARM.ActiveCfg = Release|iPhone
		{3D2B64A4-566D-4D7C-AC29-5DA854016D02}.Release|iPhone.ActiveCfg = Release|iPhone
		{3D2B64A4-566D-4D7C-AC29-5DA854016D02}.Release|iPhone.Build.0 = Release|iPhone
		{3D2B64A4-566D-4D7C-AC29-5DA854016D02}.Release|iPhoneSimulator.ActiveCfg = Release|iPhoneSimulator
		{3D2B64A4-566D-4D7C-AC29-5DA854016D02}.Release|iPhoneSimulator.Build.0 = Release|iPhoneSimulator
		{3D2B64A4-566D-4D7C-AC29-5DA854016D02}.Release|x64.ActiveCfg = Release|iPhone
		{3D2B64A4-566D-4D7C-AC29-5DA854016D02}.Release|x86.ActiveCfg = Release|iPhone
		{9316D387-2554-48F2-AE68-8B483D6FC1BA}.Ad-Hoc|Any CPU.ActiveCfg = Release|x86
		{9316D387-2554-48F2-AE68-8B483D6FC1BA}.Ad-Hoc|Any CPU.Build.0 = Release|x86
		{9316D387-2554-48F2-AE68-8B483D6FC1BA}.Ad-Hoc|Any CPU.Deploy.0 = Release|x86
		{9316D387-2554-48F2-AE68-8B483D6FC1BA}.Ad-Hoc|ARM.ActiveCfg = Release|ARM
		{9316D387-2554-48F2-AE68-8B483D6FC1BA}.Ad-Hoc|ARM.Build.0 = Release|ARM
		{9316D387-2554-48F2-AE68-8B483D6FC1BA}.Ad-Hoc|ARM.Deploy.0 = Release|ARM
		{9316D387-2554-48F2-AE68-8B483D6FC1BA}.Ad-Hoc|iPhone.ActiveCfg = Release|x86
		{9316D387-2554-48F2-AE68-8B483D6FC1BA}.Ad-Hoc|iPhone.Build.0 = Release|x86
		{9316D387-2554-48F2-AE68-8B483D6FC1BA}.Ad-Hoc|iPhone.Deploy.0 = Release|x86
		{9316D387-2554-48F2-AE68-8B483D6FC1BA}.Ad-Hoc|iPhoneSimulator.ActiveCfg = Release|x86
		{9316D387-2554-48F2-AE68-8B483D6FC1BA}.Ad-Hoc|iPhoneSimulator.Build.0 = Release|x86
		{9316D387-2554-48F2-AE68-8B483D6FC1BA}.Ad-Hoc|iPhoneSimulator.Deploy.0 = Release|x86
		{9316D387-2554-48F2-AE68-8B483D6FC1BA}.Ad-Hoc|x64.ActiveCfg = Release|x64
		{9316D387-2554-48F2-AE68-8B483D6FC1BA}.Ad-Hoc|x64.Build.0 = Release|x64
		{9316D387-2554-48F2-AE68-8B483D6FC1BA}.Ad-Hoc|x64.Deploy.0 = Release|x64
		{9316D387-2554-48F2-AE68-8B483D6FC1BA}.Ad-Hoc|x86.ActiveCfg = Release|x86
		{9316D387-2554-48F2-AE68-8B483D6FC1BA}.Ad-Hoc|x86.Build.0 = Release|x86
		{9316D387-2554-48F2-AE68-8B483D6FC1BA}.Ad-Hoc|x86.Deploy.0 = Release|x86
		{9316D387-2554-48F2-AE68-8B483D6FC1BA}.AppStore|Any CPU.ActiveCfg = Release|x86
		{9316D387-2554-48F2-AE68-8B483D6FC1BA}.AppStore|Any CPU.Build.0 = Release|x86
		{9316D387-2554-48F2-AE68-8B483D6FC1BA}.AppStore|Any CPU.Deploy.0 = Release|x86
		{9316D387-2554-48F2-AE68-8B483D6FC1BA}.AppStore|ARM.ActiveCfg = Release|ARM
		{9316D387-2554-48F2-AE68-8B483D6FC1BA}.AppStore|ARM.Build.0 = Release|ARM
		{9316D387-2554-48F2-AE68-8B483D6FC1BA}.AppStore|ARM.Deploy.0 = Release|ARM
		{9316D387-2554-48F2-AE68-8B483D6FC1BA}.AppStore|iPhone.ActiveCfg = Release|x86
		{9316D387-2554-48F2-AE68-8B483D6FC1BA}.AppStore|iPhone.Build.0 = Release|x86
		{9316D387-2554-48F2-AE68-8B483D6FC1BA}.AppStore|iPhone.Deploy.0 = Release|x86
		{9316D387-2554-48F2-AE68-8B483D6FC1BA}.AppStore|iPhoneSimulator.ActiveCfg = Release|x86
		{9316D387-2554-48F2-AE68-8B483D6FC1BA}.AppStore|iPhoneSimulator.Build.0 = Release|x86
		{9316D387-2554-48F2-AE68-8B483D6FC1BA}.AppStore|iPhoneSimulator.Deploy.0 = Release|x86
		{9316D387-2554-48F2-AE68-8B483D6FC1BA}.AppStore|x64.ActiveCfg = Release|x64
		{9316D387-2554-48F2-AE68-8B483D6FC1BA}.AppStore|x64.Build.0 = Release|x64
		{9316D387-2554-48F2-AE68-8B483D6FC1BA}.AppStore|x64.Deploy.0 = Release|x64
		{9316D387-2554-48F2-AE68-8B483D6FC1BA}.AppStore|x86.ActiveCfg = Release|x86
		{9316D387-2554-48F2-AE68-8B483D6FC1BA}.AppStore|x86.Build.0 = Release|x86
		{9316D387-2554-48F2-AE68-8B483D6FC1BA}.AppStore|x86.Deploy.0 = Release|x86
		{9316D387-2554-48F2-AE68-8B483D6FC1BA}.Debug|Any CPU.ActiveCfg = Debug|x86
		{9316D387-2554-48F2-AE68-8B483D6FC1BA}.Debug|ARM.ActiveCfg = Debug|ARM
		{9316D387-2554-48F2-AE68-8B483D6FC1BA}.Debug|ARM.Build.0 = Debug|ARM
		{9316D387-2554-48F2-AE68-8B483D6FC1BA}.Debug|ARM.Deploy.0 = Debug|ARM
		{9316D387-2554-48F2-AE68-8B483D6FC1BA}.Debug|iPhone.ActiveCfg = Debug|x86
		{9316D387-2554-48F2-AE68-8B483D6FC1BA}.Debug|iPhoneSimulator.ActiveCfg = Debug|x86
		{9316D387-2554-48F2-AE68-8B483D6FC1BA}.Debug|x64.ActiveCfg = Debug|x64
		{9316D387-2554-48F2-AE68-8B483D6FC1BA}.Debug|x64.Build.0 = Debug|x64
		{9316D387-2554-48F2-AE68-8B483D6FC1BA}.Debug|x64.Deploy.0 = Debug|x64
		{9316D387-2554-48F2-AE68-8B483D6FC1BA}.Debug|x86.ActiveCfg = Debug|x86
		{9316D387-2554-48F2-AE68-8B483D6FC1BA}.Debug|x86.Build.0 = Debug|x86
		{9316D387-2554-48F2-AE68-8B483D6FC1BA}.Debug|x86.Deploy.0 = Debug|x86
		{9316D387-2554-48F2-AE68-8B483D6FC1BA}.Release|Any CPU.ActiveCfg = Release|x86
		{9316D387-2554-48F2-AE68-8B483D6FC1BA}.Release|ARM.ActiveCfg = Release|ARM
		{9316D387-2554-48F2-AE68-8B483D6FC1BA}.Release|ARM.Build.0 = Release|ARM
		{9316D387-2554-48F2-AE68-8B483D6FC1BA}.Release|ARM.Deploy.0 = Release|ARM
		{9316D387-2554-48F2-AE68-8B483D6FC1BA}.Release|iPhone.ActiveCfg = Release|x86
		{9316D387-2554-48F2-AE68-8B483D6FC1BA}.Release|iPhoneSimulator.ActiveCfg = Release|x86
		{9316D387-2554-48F2-AE68-8B483D6FC1BA}.Release|x64.ActiveCfg = Release|x64
		{9316D387-2554-48F2-AE68-8B483D6FC1BA}.Release|x64.Build.0 = Release|x64
		{9316D387-2554-48F2-AE68-8B483D6FC1BA}.Release|x64.Deploy.0 = Release|x64
		{9316D387-2554-48F2-AE68-8B483D6FC1BA}.Release|x86.ActiveCfg = Release|x86
		{9316D387-2554-48F2-AE68-8B483D6FC1BA}.Release|x86.Build.0 = Release|x86
		{9316D387-2554-48F2-AE68-8B483D6FC1BA}.Release|x86.Deploy.0 = Release|x86
		{FE5A70D0-F972-478A-9262-F4A1D6FB6285}.Ad-Hoc|Any CPU.ActiveCfg = Debug|Any CPU
		{FE5A70D0-F972-478A-9262-F4A1D6FB6285}.Ad-Hoc|Any CPU.Build.0 = Debug|Any CPU
		{FE5A70D0-F972-478A-9262-F4A1D6FB6285}.Ad-Hoc|ARM.ActiveCfg = Debug|Any CPU
		{FE5A70D0-F972-478A-9262-F4A1D6FB6285}.Ad-Hoc|ARM.Build.0 = Debug|Any CPU
		{FE5A70D0-F972-478A-9262-F4A1D6FB6285}.Ad-Hoc|iPhone.ActiveCfg = Debug|Any CPU
		{FE5A70D0-F972-478A-9262-F4A1D6FB6285}.Ad-Hoc|iPhone.Build.0 = Debug|Any CPU
		{FE5A70D0-F972-478A-9262-F4A1D6FB6285}.Ad-Hoc|iPhoneSimulator.ActiveCfg = Debug|Any CPU
		{FE5A70D0-F972-478A-9262-F4A1D6FB6285}.Ad-Hoc|iPhoneSimulator.Build.0 = Debug|Any CPU
		{FE5A70D0-F972-478A-9262-F4A1D6FB6285}.Ad-Hoc|x64.ActiveCfg = Debug|Any CPU
		{FE5A70D0-F972-478A-9262-F4A1D6FB6285}.Ad-Hoc|x64.Build.0 = Debug|Any CPU
		{FE5A70D0-F972-478A-9262-F4A1D6FB6285}.Ad-Hoc|x86.ActiveCfg = Debug|Any CPU
		{FE5A70D0-F972-478A-9262-F4A1D6FB6285}.Ad-Hoc|x86.Build.0 = Debug|Any CPU
		{FE5A70D0-F972-478A-9262-F4A1D6FB6285}.AppStore|Any CPU.ActiveCfg = Debug|Any CPU
		{FE5A70D0-F972-478A-9262-F4A1D6FB6285}.AppStore|Any CPU.Build.0 = Debug|Any CPU
		{FE5A70D0-F972-478A-9262-F4A1D6FB6285}.AppStore|ARM.ActiveCfg = Debug|Any CPU
		{FE5A70D0-F972-478A-9262-F4A1D6FB6285}.AppStore|ARM.Build.0 = Debug|Any CPU
		{FE5A70D0-F972-478A-9262-F4A1D6FB6285}.AppStore|iPhone.ActiveCfg = Debug|Any CPU
		{FE5A70D0-F972-478A-9262-F4A1D6FB6285}.AppStore|iPhone.Build.0 = Debug|Any CPU
		{FE5A70D0-F972-478A-9262-F4A1D6FB6285}.AppStore|iPhoneSimulator.ActiveCfg = Debug|Any CPU
		{FE5A70D0-F972-478A-9262-F4A1D6FB6285}.AppStore|iPhoneSimulator.Build.0 = Debug|Any CPU
		{FE5A70D0-F972-478A-9262-F4A1D6FB6285}.AppStore|x64.ActiveCfg = Debug|Any CPU
		{FE5A70D0-F972-478A-9262-F4A1D6FB6285}.AppStore|x64.Build.0 = Debug|Any CPU
		{FE5A70D0-F972-478A-9262-F4A1D6FB6285}.AppStore|x86.ActiveCfg = Debug|Any CPU
		{FE5A70D0-F972-478A-9262-F4A1D6FB6285}.AppStore|x86.Build.0 = Debug|Any CPU
		{FE5A70D0-F972-478A-9262-F4A1D6FB6285}.Debug|Any CPU.ActiveCfg = Debug|Any CPU
		{FE5A70D0-F972-478A-9262-F4A1D6FB6285}.Debug|Any CPU.Build.0 = Debug|Any CPU
		{FE5A70D0-F972-478A-9262-F4A1D6FB6285}.Debug|ARM.ActiveCfg = Debug|Any CPU
		{FE5A70D0-F972-478A-9262-F4A1D6FB6285}.Debug|ARM.Build.0 = Debug|Any CPU
		{FE5A70D0-F972-478A-9262-F4A1D6FB6285}.Debug|iPhone.ActiveCfg = Debug|Any CPU
		{FE5A70D0-F972-478A-9262-F4A1D6FB6285}.Debug|iPhone.Build.0 = Debug|Any CPU
		{FE5A70D0-F972-478A-9262-F4A1D6FB6285}.Debug|iPhoneSimulator.ActiveCfg = Debug|Any CPU
		{FE5A70D0-F972-478A-9262-F4A1D6FB6285}.Debug|iPhoneSimulator.Build.0 = Debug|Any CPU
		{FE5A70D0-F972-478A-9262-F4A1D6FB6285}.Debug|x64.ActiveCfg = Debug|Any CPU
		{FE5A70D0-F972-478A-9262-F4A1D6FB6285}.Debug|x64.Build.0 = Debug|Any CPU
		{FE5A70D0-F972-478A-9262-F4A1D6FB6285}.Debug|x86.ActiveCfg = Debug|Any CPU
		{FE5A70D0-F972-478A-9262-F4A1D6FB6285}.Debug|x86.Build.0 = Debug|Any CPU
		{FE5A70D0-F972-478A-9262-F4A1D6FB6285}.Release|Any CPU.ActiveCfg = Release|Any CPU
		{FE5A70D0-F972-478A-9262-F4A1D6FB6285}.Release|Any CPU.Build.0 = Release|Any CPU
		{FE5A70D0-F972-478A-9262-F4A1D6FB6285}.Release|ARM.ActiveCfg = Release|Any CPU
		{FE5A70D0-F972-478A-9262-F4A1D6FB6285}.Release|ARM.Build.0 = Release|Any CPU
		{FE5A70D0-F972-478A-9262-F4A1D6FB6285}.Release|iPhone.ActiveCfg = Release|Any CPU
		{FE5A70D0-F972-478A-9262-F4A1D6FB6285}.Release|iPhone.Build.0 = Release|Any CPU
		{FE5A70D0-F972-478A-9262-F4A1D6FB6285}.Release|iPhoneSimulator.ActiveCfg = Release|Any CPU
		{FE5A70D0-F972-478A-9262-F4A1D6FB6285}.Release|iPhoneSimulator.Build.0 = Release|Any CPU
		{FE5A70D0-F972-478A-9262-F4A1D6FB6285}.Release|x64.ActiveCfg = Release|Any CPU
		{FE5A70D0-F972-478A-9262-F4A1D6FB6285}.Release|x64.Build.0 = Release|Any CPU
		{FE5A70D0-F972-478A-9262-F4A1D6FB6285}.Release|x86.ActiveCfg = Release|Any CPU
		{FE5A70D0-F972-478A-9262-F4A1D6FB6285}.Release|x86.Build.0 = Release|Any CPU
	EndGlobalSection
	GlobalSection(SolutionProperties) = preSolution
		HideSolutionNode = FALSE
	EndGlobalSection
	GlobalSection(ExtensibilityGlobals) = postSolution
		SolutionGuid = {BA4DA3BB-ECB5-451B-8739-8B7E631DBF48}
	EndGlobalSection
EndGlobal
